
Microsoft Visual Studio Solution File, Format Version 12.00
# Visual Studio Version 16
VisualStudioVersion = 16.0.31321.278
MinimumVisualStudioVersion = 10.0.40219.1
Project("{FAE04EC0-301F-11D3-BF4B-00C04F79EFBC}") = "CounselVoting.Api", "CounselVoting.Api\CounselVoting.Api.csproj", "{9E18C00B-632E-47AB-AF09-B46E60C62CFA}"
EndProject
Project("{FAE04EC0-301F-11D3-BF4B-00C04F79EFBC}") = "CounselVoting.Domain", "CounselVoting.Domain\CounselVoting.Domain.csproj", "{ACA4B006-1ABC-4B96-9351-33591302ECEF}"
EndProject
Project("{9A19103F-16F7-4668-BE54-9A1E7A4F7556}") = "CounselVoting.Infrastructure", "CounselVoting.Infrastructure\CounselVoting.Infrastructure.csproj", "{90AA1F1C-8F41-4FA4-AF3D-1EBFF66554AB}"
EndProject
Global
	GlobalSection(SolutionConfigurationPlatforms) = preSolution
		Debug|Any CPU = Debug|Any CPU
		Release|Any CPU = Release|Any CPU
	EndGlobalSection
	GlobalSection(ProjectConfigurationPlatforms) = postSolution
		{9E18C00B-632E-47AB-AF09-B46E60C62CFA}.Debug|Any CPU.ActiveCfg = Debug|Any CPU
		{9E18C00B-632E-47AB-AF09-B46E60C62CFA}.Debug|Any CPU.Build.0 = Debug|Any CPU
		{9E18C00B-632E-47AB-AF09-B46E60C62CFA}.Release|Any CPU.ActiveCfg = Release|Any CPU
		{9E18C00B-632E-47AB-AF09-B46E60C62CFA}.Release|Any CPU.Build.0 = Release|Any CPU
		{ACA4B006-1ABC-4B96-9351-33591302ECEF}.Debug|Any CPU.ActiveCfg = Debug|Any CPU
		{ACA4B006-1ABC-4B96-9351-33591302ECEF}.Debug|Any CPU.Build.0 = Debug|Any CPU
		{ACA4B006-1ABC-4B96-9351-33591302ECEF}.Release|Any CPU.ActiveCfg = Release|Any CPU
		{ACA4B006-1ABC-4B96-9351-33591302ECEF}.Release|Any CPU.Build.0 = Release|Any CPU
		{90AA1F1C-8F41-4FA4-AF3D-1EBFF66554AB}.Debug|Any CPU.ActiveCfg = Debug|Any CPU
		{90AA1F1C-8F41-4FA4-AF3D-1EBFF66554AB}.Debug|Any CPU.Build.0 = Debug|Any CPU
		{90AA1F1C-8F41-4FA4-AF3D-1EBFF66554AB}.Release|Any CPU.ActiveCfg = Release|Any CPU
		{90AA1F1C-8F41-4FA4-AF3D-1EBFF66554AB}.Release|Any CPU.Build.0 = Release|Any CPU
	EndGlobalSection
	GlobalSection(SolutionProperties) = preSolution
		HideSolutionNode = FALSE
	EndGlobalSection
	GlobalSection(ExtensibilityGlobals) = postSolution
		SolutionGuid = {B6D81004-53C1-47B7-B7A6-349AF23038A0}
	EndGlobalSection
EndGlobal
